
Microsoft Visual Studio Solution File, Format Version 12.00
# Visual Studio Version 17
VisualStudioVersion = 17.4.33213.308
MinimumVisualStudioVersion = 10.0.40219.1
Project("{9A19103F-16F7-4668-BE54-9A1E7A4F7556}") = "DU", "DU\DU.csproj", "{D1AC6052-468C-473B-AA81-EA031373016D}"
EndProject
Project("{FAE04EC0-301F-11D3-BF4B-00C04F79EFBC}") = "DUMVC", "DUMVC\DUMVC.csproj", "{BFAB4F78-FFE5-4553-9DCB-FA84E234990E}"
EndProject
Global
	GlobalSection(SolutionConfigurationPlatforms) = preSolution
		Debug|Any CPU = Debug|Any CPU
		Release|Any CPU = Release|Any CPU
	EndGlobalSection
	GlobalSection(ProjectConfigurationPlatforms) = postSolution
		{D1AC6052-468C-473B-AA81-EA031373016D}.Debug|Any CPU.ActiveCfg = Debug|Any CPU
		{D1AC6052-468C-473B-AA81-EA031373016D}.Debug|Any CPU.Build.0 = Debug|Any CPU
		{D1AC6052-468C-473B-AA81-EA031373016D}.Release|Any CPU.ActiveCfg = Release|Any CPU
		{D1AC6052-468C-473B-AA81-EA031373016D}.Release|Any CPU.Build.0 = Release|Any CPU
		{BFAB4F78-FFE5-4553-9DCB-FA84E234990E}.Debug|Any CPU.ActiveCfg = Debug|Any CPU
		{BFAB4F78-FFE5-4553-9DCB-FA84E234990E}.Debug|Any CPU.Build.0 = Debug|Any CPU
		{BFAB4F78-FFE5-4553-9DCB-FA84E234990E}.Release|Any CPU.ActiveCfg = Release|Any CPU
		{BFAB4F78-FFE5-4553-9DCB-FA84E234990E}.Release|Any CPU.Build.0 = Release|Any CPU
	EndGlobalSection
	GlobalSection(SolutionProperties) = preSolution
		HideSolutionNode = FALSE
	EndGlobalSection
	GlobalSection(ExtensibilityGlobals) = postSolution
		SolutionGuid = {171512AB-CC9F-4D5C-B11B-6628CF6216C8}
	EndGlobalSection
EndGlobal
